// !$*UTF8*$!
{
	archiveVersion = 1;
	classes = {
	};
	objectVersion = 46;
	objects = {

/* Begin PBXBuildFile section */
		846B7CB9202C170C00568924 /* MemeNavigationViewController.swift in Sources */ = {isa = PBXBuildFile; fileRef = 846B7CB8202C170C00568924 /* MemeNavigationViewController.swift */; };
		846B7CBB202C26B300568924 /* MemeCollectionViewCell.swift in Sources */ = {isa = PBXBuildFile; fileRef = 846B7CBA202C26B300568924 /* MemeCollectionViewCell.swift */; };
		84EF0387202C06980053ADD2 /* AppDelegate.swift in Sources */ = {isa = PBXBuildFile; fileRef = 84EF0386202C06980053ADD2 /* AppDelegate.swift */; };
		84EF0389202C06980053ADD2 /* ViewController.swift in Sources */ = {isa = PBXBuildFile; fileRef = 84EF0388202C06980053ADD2 /* ViewController.swift */; };
		84EF038C202C06980053ADD2 /* Main.storyboard in Resources */ = {isa = PBXBuildFile; fileRef = 84EF038A202C06980053ADD2 /* Main.storyboard */; };
		84EF038E202C06980053ADD2 /* Assets.xcassets in Resources */ = {isa = PBXBuildFile; fileRef = 84EF038D202C06980053ADD2 /* Assets.xcassets */; };
		84EF0391202C06980053ADD2 /* LaunchScreen.storyboard in Resources */ = {isa = PBXBuildFile; fileRef = 84EF038F202C06980053ADD2 /* LaunchScreen.storyboard */; };
		84EF0399202C07BD0053ADD2 /* MemeTableViewController.swift in Sources */ = {isa = PBXBuildFile; fileRef = 84EF0398202C07BD0053ADD2 /* MemeTableViewController.swift */; };
		84EF039B202C07D60053ADD2 /* MemeCollectionViewController.swift in Sources */ = {isa = PBXBuildFile; fileRef = 84EF039A202C07D60053ADD2 /* MemeCollectionViewController.swift */; };
		84EF039E202C09B00053ADD2 /* Meme.swift in Sources */ = {isa = PBXBuildFile; fileRef = 84EF039D202C09B00053ADD2 /* Meme.swift */; };
/* End PBXBuildFile section */

/* Begin PBXFileReference section */
		846B7CB8202C170C00568924 /* MemeNavigationViewController.swift */ = {isa = PBXFileReference; fileEncoding = 4; lastKnownFileType = sourcecode.swift; path = MemeNavigationViewController.swift; sourceTree = "<group>"; };
		846B7CBA202C26B300568924 /* MemeCollectionViewCell.swift */ = {isa = PBXFileReference; fileEncoding = 4; lastKnownFileType = sourcecode.swift; path = MemeCollectionViewCell.swift; sourceTree = "<group>"; };
		84EF0383202C06980053ADD2 /* MemeMe.app */ = {isa = PBXFileReference; explicitFileType = wrapper.application; includeInIndex = 0; path = MemeMe.app; sourceTree = BUILT_PRODUCTS_DIR; };
		84EF0386202C06980053ADD2 /* AppDelegate.swift */ = {isa = PBXFileReference; lastKnownFileType = sourcecode.swift; path = AppDelegate.swift; sourceTree = "<group>"; };
		84EF0388202C06980053ADD2 /* ViewController.swift */ = {isa = PBXFileReference; lastKnownFileType = sourcecode.swift; path = ViewController.swift; sourceTree = "<group>"; };
		84EF038B202C06980053ADD2 /* Base */ = {isa = PBXFileReference; lastKnownFileType = file.storyboard; name = Base; path = Base.lproj/Main.storyboard; sourceTree = "<group>"; };
		84EF038D202C06980053ADD2 /* Assets.xcassets */ = {isa = PBXFileReference; lastKnownFileType = folder.assetcatalog; path = Assets.xcassets; sourceTree = "<group>"; };
		84EF0390202C06980053ADD2 /* Base */ = {isa = PBXFileReference; lastKnownFileType = file.storyboard; name = Base; path = Base.lproj/LaunchScreen.storyboard; sourceTree = "<group>"; };
		84EF0392202C06980053ADD2 /* Info.plist */ = {isa = PBXFileReference; lastKnownFileType = text.plist.xml; path = Info.plist; sourceTree = "<group>"; };
		84EF0398202C07BD0053ADD2 /* MemeTableViewController.swift */ = {isa = PBXFileReference; fileEncoding = 4; lastKnownFileType = sourcecode.swift; path = MemeTableViewController.swift; sourceTree = "<group>"; };
		84EF039A202C07D60053ADD2 /* MemeCollectionViewController.swift */ = {isa = PBXFileReference; fileEncoding = 4; lastKnownFileType = sourcecode.swift; path = MemeCollectionViewController.swift; sourceTree = "<group>"; };
		84EF039D202C09B00053ADD2 /* Meme.swift */ = {isa = PBXFileReference; fileEncoding = 4; lastKnownFileType = sourcecode.swift; path = Meme.swift; sourceTree = "<group>"; };
/* End PBXFileReference section */

/* Begin PBXFrameworksBuildPhase section */
		84EF0380202C06980053ADD2 /* Frameworks */ = {
			isa = PBXFrameworksBuildPhase;
			buildActionMask = 2147483647;
			files = (
			);
			runOnlyForDeploymentPostprocessing = 0;
		};
/* End PBXFrameworksBuildPhase section */

/* Begin PBXGroup section */
		84EF037A202C06980053ADD2 = {
			isa = PBXGroup;
			children = (
				84EF0385202C06980053ADD2 /* MemeMe */,
				84EF0384202C06980053ADD2 /* Products */,
			);
			sourceTree = "<group>";
		};
		84EF0384202C06980053ADD2 /* Products */ = {
			isa = PBXGroup;
			children = (
				84EF0383202C06980053ADD2 /* MemeMe.app */,
			);
			name = Products;
			sourceTree = "<group>";
		};
		84EF0385202C06980053ADD2 /* MemeMe */ = {
			isa = PBXGroup;
			children = (
				84EF039C202C09A10053ADD2 /* Model */,
				84EF0386202C06980053ADD2 /* AppDelegate.swift */,
				84EF0388202C06980053ADD2 /* ViewController.swift */,
				84EF038A202C06980053ADD2 /* Main.storyboard */,
				84EF038D202C06980053ADD2 /* Assets.xcassets */,
				84EF038F202C06980053ADD2 /* LaunchScreen.storyboard */,
				84EF0392202C06980053ADD2 /* Info.plist */,
				84EF0398202C07BD0053ADD2 /* MemeTableViewController.swift */,
				84EF039A202C07D60053ADD2 /* MemeCollectionViewController.swift */,
				846B7CB8202C170C00568924 /* MemeNavigationViewController.swift */,
				846B7CBA202C26B300568924 /* MemeCollectionViewCell.swift */,
			);
			path = MemeMe;
			sourceTree = "<group>";
		};
		84EF039C202C09A10053ADD2 /* Model */ = {
			isa = PBXGroup;
			children = (
				84EF039D202C09B00053ADD2 /* Meme.swift */,
			);
			name = Model;
			sourceTree = "<group>";
		};
/* End PBXGroup section */

/* Begin PBXNativeTarget section */
		84EF0382202C06980053ADD2 /* MemeMe */ = {
			isa = PBXNativeTarget;
			buildConfigurationList = 84EF0395202C06980053ADD2 /* Build configuration list for PBXNativeTarget "MemeMe" */;
			buildPhases = (
				84EF037F202C06980053ADD2 /* Sources */,
				84EF0380202C06980053ADD2 /* Frameworks */,
				84EF0381202C06980053ADD2 /* Resources */,
			);
			buildRules = (
			);
			dependencies = (
			);
			name = MemeMe;
			productName = MemeMe;
			productReference = 84EF0383202C06980053ADD2 /* MemeMe.app */;
			productType = "com.apple.product-type.application";
		};
/* End PBXNativeTarget section */

/* Begin PBXProject section */
		84EF037B202C06980053ADD2 /* Project object */ = {
			isa = PBXProject;
			attributes = {
				LastSwiftUpdateCheck = 0830;
				LastUpgradeCheck = 0830;
				ORGANIZATIONNAME = admin;
				TargetAttributes = {
					84EF0382202C06980053ADD2 = {
						CreatedOnToolsVersion = 8.3.1;
						ProvisioningStyle = Automatic;
					};
				};
			};
			buildConfigurationList = 84EF037E202C06980053ADD2 /* Build configuration list for PBXProject "MemeMe" */;
			compatibilityVersion = "Xcode 3.2";
			developmentRegion = English;
			hasScannedForEncodings = 0;
			knownRegions = (
				en,
				Base,
			);
			mainGroup = 84EF037A202C06980053ADD2;
			productRefGroup = 84EF0384202C06980053ADD2 /* Products */;
			projectDirPath = "";
			projectRoot = "";
			targets = (
				84EF0382202C06980053ADD2 /* MemeMe */,
			);
		};
/* End PBXProject section */

/* Begin PBXResourcesBuildPhase section */
		84EF0381202C06980053ADD2 /* Resources */ = {
			isa = PBXResourcesBuildPhase;
			buildActionMask = 2147483647;
			files = (
				84EF0391202C06980053ADD2 /* LaunchScreen.storyboard in Resources */,
				84EF038E202C06980053ADD2 /* Assets.xcassets in Resources */,
				84EF038C202C06980053ADD2 /* Main.storyboard in Resources */,
			);
			runOnlyForDeploymentPostprocessing = 0;
		};
/* End PBXResourcesBuildPhase section */

/* Begin PBXSourcesBuildPhase section */
		84EF037F202C06980053ADD2 /* Sources */ = {
			isa = PBXSourcesBuildPhase;
			buildActionMask = 2147483647;
			files = (
				84EF039E202C09B00053ADD2 /* Meme.swift in Sources */,
				84EF039B202C07D60053ADD2 /* MemeCollectionViewController.swift in Sources */,
				84EF0399202C07BD0053ADD2 /* MemeTableViewController.swift in Sources */,
				84EF0389202C06980053ADD2 /* ViewController.swift in Sources */,
				846B7CBB202C26B300568924 /* MemeCollectionViewCell.swift in Sources */,
				846B7CB9202C170C00568924 /* MemeNavigationViewController.swift in Sources */,
				84EF0387202C06980053ADD2 /* AppDelegate.swift in Sources */,
			);
			runOnlyForDeploymentPostprocessing = 0;
		};
/* End PBXSourcesBuildPhase section */

/* Begin PBXVariantGroup section */
		84EF038A202C06980053ADD2 /* Main.storyboard */ = {
			isa = PBXVariantGroup;
			children = (
				84EF038B202C06980053ADD2 /* Base */,
			);
			name = Main.storyboard;
			sourceTree = "<group>";
		};
		84EF038F202C06980053ADD2 /* LaunchScreen.storyboard */ = {
			isa = PBXVariantGroup;
			children = (
				84EF0390202C06980053ADD2 /* Base */,
			);
			name = LaunchScreen.storyboard;
			sourceTree = "<group>";
		};
/* End PBXVariantGroup section */

/* Begin XCBuildConfiguration section */
		84EF0393202C06980053ADD2 /* Debug */ = {
			isa = XCBuildConfiguration;
			buildSettings = {
				ALWAYS_SEARCH_USER_PATHS = NO;
				CLANG_ANALYZER_NONNULL = YES;
				CLANG_ANALYZER_NUMBER_OBJECT_CONVERSION = YES_AGGRESSIVE;
				CLANG_CXX_LANGUAGE_STANDARD = "gnu++0x";
				CLANG_CXX_LIBRARY = "libc++";
				CLANG_ENABLE_MODULES = YES;
				CLANG_ENABLE_OBJC_ARC = YES;
				CLANG_WARN_BOOL_CONVERSION = YES;
				CLANG_WARN_CONSTANT_CONVERSION = YES;
				CLANG_WARN_DIRECT_OBJC_ISA_USAGE = YES_ERROR;
				CLANG_WARN_DOCUMENTATION_COMMENTS = YES;
				CLANG_WARN_EMPTY_BODY = YES;
				CLANG_WARN_ENUM_CONVERSION = YES;
				CLANG_WARN_INFINITE_RECURSION = YES;
				CLANG_WARN_INT_CONVERSION = YES;
				CLANG_WARN_OBJC_ROOT_CLASS = YES_ERROR;
				CLANG_WARN_SUSPICIOUS_MOVE = YES;
				CLANG_WARN_UNREACHABLE_CODE = YES;
				CLANG_WARN__DUPLICATE_METHOD_MATCH = YES;
				"CODE_SIGN_IDENTITY[sdk=iphoneos*]" = "iPhone Developer";
				COPY_PHASE_STRIP = NO;
				DEBUG_INFORMATION_FORMAT = dwarf;
				ENABLE_STRICT_OBJC_MSGSEND = YES;
				ENABLE_TESTABILITY = YES;
				GCC_C_LANGUAGE_STANDARD = gnu99;
				GCC_DYNAMIC_NO_PIC = NO;
				GCC_NO_COMMON_BLOCKS = YES;
				GCC_OPTIMIZATION_LEVEL = 0;
				GCC_PREPROCESSOR_DEFINITIONS = (
					"DEBUG=1",
					"$(inherited)",
				);
				GCC_WARN_64_TO_32_BIT_CONVERSION = YES;
				GCC_WARN_ABOUT_RETURN_TYPE = YES_ERROR;
				GCC_WARN_UNDECLARED_SELECTOR = YES;
				GCC_WARN_UNINITIALIZED_AUTOS = YES_AGGRESSIVE;
				GCC_WARN_UNUSED_FUNCTION = YES;
				GCC_WARN_UNUSED_VARIABLE = YES;
				IPHONEOS_DEPLOYMENT_TARGET = 10.3;
				MTL_ENABLE_DEBUG_INFO = YES;
				ONLY_ACTIVE_ARCH = YES;
				SDKROOT = iphoneos;
				SWIFT_ACTIVE_COMPILATION_CONDITIONS = DEBUG;
				SWIFT_OPTIMIZATION_LEVEL = "-Onone";
				TARGETED_DEVICE_FAMILY = "1,2";
			};
			name = Debug;
		};
		84EF0394202C06980053ADD2 /* Release */ = {
			isa = XCBuildConfiguration;
			buildSettings = {
				ALWAYS_SEARCH_USER_PATHS = NO;
				CLANG_ANALYZER_NONNULL = YES;
				CLANG_ANALYZER_NUMBER_OBJECT_CONVERSION = YES_AGGRESSIVE;
				CLANG_CXX_LANGUAGE_STANDARD = "gnu++0x";
				CLANG_CXX_LIBRARY = "libc++";
				CLANG_ENABLE_MODULES = YES;
				CLANG_ENABLE_OBJC_ARC = YES;
				CLANG_WARN_BOOL_CONVERSION = YES;
				CLANG_WARN_CONSTANT_CONVERSION = YES;
				CLANG_WARN_DIRECT_OBJC_ISA_USAGE = YES_ERROR;
				CLANG_WARN_DOCUMENTATION_COMMENTS = YES;
				CLANG_WARN_EMPTY_BODY = YES;
				CLANG_WARN_ENUM_CONVERSION = YES;
				CLANG_WARN_INFINITE_RECURSION = YES;
				CLANG_WARN_INT_CONVERSION = YES;
				CLANG_WARN_OBJC_ROOT_CLASS = YES_ERROR;
				CLANG_WARN_SUSPICIOUS_MOVE = YES;
				CLANG_WARN_UNREACHABLE_CODE = YES;
				CLANG_WARN__DUPLICATE_METHOD_MATCH = YES;
				"CODE_SIGN_IDENTITY[sdk=iphoneos*]" = "iPhone Developer";
				COPY_PHASE_STRIP = NO;
				DEBUG_INFORMATION_FORMAT = "dwarf-with-dsym";
				ENABLE_NS_ASSERTIONS = NO;
				ENABLE_STRICT_OBJC_MSGSEND = YES;
				GCC_C_LANGUAGE_STANDARD = gnu99;
				GCC_NO_COMMON_BLOCKS = YES;
				GCC_WARN_64_TO_32_BIT_CONVERSION = YES;
				GCC_WARN_ABOUT_RETURN_TYPE = YES_ERROR;
				GCC_WARN_UNDECLARED_SELECTOR = YES;
				GCC_WARN_UNINITIALIZED_AUTOS = YES_AGGRESSIVE;
				GCC_WARN_UNUSED_FUNCTION = YES;
				GCC_WARN_UNUSED_VARIABLE = YES;
				IPHONEOS_DEPLOYMENT_TARGET = 10.3;
				MTL_ENABLE_DEBUG_INFO = NO;
				SDKROOT = iphoneos;
				SWIFT_OPTIMIZATION_LEVEL = "-Owholemodule";
				TARGETED_DEVICE_FAMILY = "1,2";
				VALIDATE_PRODUCT = YES;
			};
			name = Release;
		};
		84EF0396202C06980053ADD2 /* Debug */ = {
			isa = XCBuildConfiguration;
			buildSettings = {
				ASSETCATALOG_COMPILER_APPICON_NAME = AppIcon;
				INFOPLIST_FILE = MemeMe/Info.plist;
				LD_RUNPATH_SEARCH_PATHS = "$(inherited) @executable_path/Frameworks";
				PRODUCT_BUNDLE_IDENTIFIER = com.udacity.MemeMe;
				PRODUCT_NAME = "$(TARGET_NAME)";
				SWIFT_VERSION = 3.0;
			};
			name = Debug;
		};
		84EF0397202C06980053ADD2 /* Release */ = {
			isa = XCBuildConfiguration;
			buildSettings = {
				ASSETCATALOG_COMPILER_APPICON_NAME = AppIcon;
				INFOPLIST_FILE = MemeMe/Info.plist;
				LD_RUNPATH_SEARCH_PATHS = "$(inherited) @executable_path/Frameworks";
				PRODUCT_BUNDLE_IDENTIFIER = com.udacity.MemeMe;
				PRODUCT_NAME = "$(TARGET_NAME)";
				SWIFT_VERSION = 3.0;
			};
			name = Release;
		};
/* End XCBuildConfiguration section */

/* Begin XCConfigurationList section */
		84EF037E202C06980053ADD2 /* Build configuration list for PBXProject "MemeMe" */ = {
			isa = XCConfigurationList;
			buildConfigurations = (
				84EF0393202C06980053ADD2 /* Debug */,
				84EF0394202C06980053ADD2 /* Release */,
			);
			defaultConfigurationIsVisible = 0;
			defaultConfigurationName = Release;
		};
		84EF0395202C06980053ADD2 /* Build configuration list for PBXNativeTarget "MemeMe" */ = {
			isa = XCConfigurationList;
			buildConfigurations = (
				84EF0396202C06980053ADD2 /* Debug */,
				84EF0397202C06980053ADD2 /* Release */,
			);
			defaultConfigurationIsVisible = 0;
			defaultConfigurationName = Release;
		};
/* End XCConfigurationList section */
	};
	rootObject = 84EF037B202C06980053ADD2 /* Project object */;
}
